{
  "name": "monitor-again",
  "version": "0.1.0",
  "lockfileVersion": 1,
  "requires": true,
  "dependencies": {
    "@babel/helper-module-imports": {
      "version": "7.0.0-beta.37",
      "resolved": "http://registry.npm.taobao.org/@babel/helper-module-imports/download/@babel/helper-module-imports-7.0.0-beta.37.tgz",
      "integrity": "sha1-4PNM++frDXDcAuFIGiNuJtEn+0M=",
      "requires": {
        "@babel/types": "7.0.0-beta.37",
        "lodash": "4.17.4"
      }
    },
    "@babel/types": {
      "version": "7.0.0-beta.37",
      "resolved": "http://registry.npm.taobao.org/@babel/types/download/@babel/types-7.0.0-beta.37.tgz",
      "integrity": "sha1-+pOvmqnYXDMXKbuSNJWvBNmwYX0=",
      "requires": {
        "esutils": "2.0.2",
        "lodash": "4.17.4",
        "to-fast-properties": "2.0.0"
      }
    },
    "babel-plugin-import": {
      "version": "1.6.3",
      "resolved": "http://registry.npm.taobao.org/babel-plugin-import/download/babel-plugin-import-1.6.3.tgz",
      "integrity": "sha1-9N7qxR/5+ZfJzzjo19e5FCUE6vU=",
      "requires": {
        "@babel/helper-module-imports": "7.0.0-beta.37"
      }
    },
    "esutils": {
      "version": "2.0.2",
      "resolved": "http://registry.npm.taobao.org/esutils/download/esutils-2.0.2.tgz",
      "integrity": "sha1-Cr9PHKpbyx96nYrMbepPqqBLrJs="
    },
    "lodash": {
      "version": "4.17.4",
      "resolved": "http://registry.npm.taobao.org/lodash/download/lodash-4.17.4.tgz",
      "integrity": "sha1-eCA6TRwyiuHYbcpkYONptX9AVa4="
    },
    "to-fast-properties": {
      "version": "2.0.0",
      "resolved": "http://registry.npm.taobao.org/to-fast-properties/download/to-fast-properties-2.0.0.tgz",
      "integrity": "sha1-3F5pjL0HkmW8c+A3doGk5Og/YW4="
    }
  }
}
